
Microsoft Visual Studio Solution File, Format Version 12.00
# Visual Studio Version 17
VisualStudioVersion = 17.8.34525.116
MinimumVisualStudioVersion = 10.0.40219.1
Project("{FAE04EC0-301F-11D3-BF4B-00C04F79EFBC}") = "Laiterekisteripoista", "Laiterekisteripoista.csproj", "{A94BEC08-0A10-4F61-A3C8-A5BACF6BEC3D}"
EndProject
Global
	GlobalSection(SolutionConfigurationPlatforms) = preSolution
		Debug|Any CPU = Debug|Any CPU
		Release|Any CPU = Release|Any CPU
	EndGlobalSection
	GlobalSection(ProjectConfigurationPlatforms) = postSolution
		{A94BEC08-0A10-4F61-A3C8-A5BACF6BEC3D}.Debug|Any CPU.ActiveCfg = Debug|Any CPU
		{A94BEC08-0A10-4F61-A3C8-A5BACF6BEC3D}.Debug|Any CPU.Build.0 = Debug|Any CPU
		{A94BEC08-0A10-4F61-A3C8-A5BACF6BEC3D}.Release|Any CPU.ActiveCfg = Release|Any CPU
		{A94BEC08-0A10-4F61-A3C8-A5BACF6BEC3D}.Release|Any CPU.Build.0 = Release|Any CPU
	EndGlobalSection
	GlobalSection(SolutionProperties) = preSolution
		HideSolutionNode = FALSE
	EndGlobalSection
	GlobalSection(ExtensibilityGlobals) = postSolution
		SolutionGuid = {1FCCCD2F-3941-4CCC-BCE8-064AA276714C}
	EndGlobalSection
EndGlobal
